
Microsoft Visual Studio Solution File, Format Version 12.00
# Visual Studio Version 17
VisualStudioVersion = 17.9.34723.18
MinimumVisualStudioVersion = 10.0.40219.1
Project("{FAE04EC0-301F-11D3-BF4B-00C04F79EFBC}") = "ProyBROL_ADO", "ProyBROL_ADO\ProyBROL_ADO.csproj", "{43C17F73-7B66-4314-8D1D-01E949D47EF5}"
EndProject
Project("{FAE04EC0-301F-11D3-BF4B-00C04F79EFBC}") = "ProyBROL_BL", "ProyBROL_BL\ProyBROL_BL.csproj", "{65B048F7-D5BD-47F0-82EC-746543DFF5B7}"
EndProject
Project("{FAE04EC0-301F-11D3-BF4B-00C04F79EFBC}") = "ProyBROL_BE", "ProyBROL_BE\ProyBROL_BE.csproj", "{F1906DD3-164C-4BE3-91B4-A8425C18BD66}"
EndProject
Project("{FAE04EC0-301F-11D3-BF4B-00C04F79EFBC}") = "ProyBROL_GUI", "ProyBROL_GUI\ProyBROL_GUI.csproj", "{90D6AA39-E237-41C3-9DE4-51743FDB1232}"
EndProject
Global
	GlobalSection(SolutionConfigurationPlatforms) = preSolution
		Debug|Any CPU = Debug|Any CPU
		Release|Any CPU = Release|Any CPU
	EndGlobalSection
	GlobalSection(ProjectConfigurationPlatforms) = postSolution
		{43C17F73-7B66-4314-8D1D-01E949D47EF5}.Debug|Any CPU.ActiveCfg = Debug|Any CPU
		{43C17F73-7B66-4314-8D1D-01E949D47EF5}.Debug|Any CPU.Build.0 = Debug|Any CPU
		{43C17F73-7B66-4314-8D1D-01E949D47EF5}.Release|Any CPU.ActiveCfg = Release|Any CPU
		{43C17F73-7B66-4314-8D1D-01E949D47EF5}.Release|Any CPU.Build.0 = Release|Any CPU
		{65B048F7-D5BD-47F0-82EC-746543DFF5B7}.Debug|Any CPU.ActiveCfg = Debug|Any CPU
		{65B048F7-D5BD-47F0-82EC-746543DFF5B7}.Debug|Any CPU.Build.0 = Debug|Any CPU
		{65B048F7-D5BD-47F0-82EC-746543DFF5B7}.Release|Any CPU.ActiveCfg = Release|Any CPU
		{65B048F7-D5BD-47F0-82EC-746543DFF5B7}.Release|Any CPU.Build.0 = Release|Any CPU
		{F1906DD3-164C-4BE3-91B4-A8425C18BD66}.Debug|Any CPU.ActiveCfg = Debug|Any CPU
		{F1906DD3-164C-4BE3-91B4-A8425C18BD66}.Debug|Any CPU.Build.0 = Debug|Any CPU
		{F1906DD3-164C-4BE3-91B4-A8425C18BD66}.Release|Any CPU.ActiveCfg = Release|Any CPU
		{F1906DD3-164C-4BE3-91B4-A8425C18BD66}.Release|Any CPU.Build.0 = Release|Any CPU
		{90D6AA39-E237-41C3-9DE4-51743FDB1232}.Debug|Any CPU.ActiveCfg = Debug|Any CPU
		{90D6AA39-E237-41C3-9DE4-51743FDB1232}.Debug|Any CPU.Build.0 = Debug|Any CPU
		{90D6AA39-E237-41C3-9DE4-51743FDB1232}.Release|Any CPU.ActiveCfg = Release|Any CPU
		{90D6AA39-E237-41C3-9DE4-51743FDB1232}.Release|Any CPU.Build.0 = Release|Any CPU
	EndGlobalSection
	GlobalSection(SolutionProperties) = preSolution
		HideSolutionNode = FALSE
	EndGlobalSection
	GlobalSection(ExtensibilityGlobals) = postSolution
		SolutionGuid = {5483DF40-B0EF-4D6E-8D3F-5BEC8494F85A}
	EndGlobalSection
EndGlobal
